// !$*UTF8*$!
{
	archiveVersion = 1;
	classes = {
	};
	objectVersion = 56;
	objects = {

/* Begin PBXBuildFile section */
		0206D21029630117006D3084 /* CoreDataURLApp.swift in Sources */ = {isa = PBXBuildFile; fileRef = 0206D20F29630117006D3084 /* CoreDataURLApp.swift */; };
		0206D21229630117006D3084 /* ContentView.swift in Sources */ = {isa = PBXBuildFile; fileRef = 0206D21129630117006D3084 /* ContentView.swift */; };
		0206D21429630119006D3084 /* Assets.xcassets in Resources */ = {isa = PBXBuildFile; fileRef = 0206D21329630119006D3084 /* Assets.xcassets */; };
		0206D21729630119006D3084 /* Preview Assets.xcassets in Resources */ = {isa = PBXBuildFile; fileRef = 0206D21629630119006D3084 /* Preview Assets.xcassets */; };
		0206D22129630119006D3084 /* CoreDataURLTests.swift in Sources */ = {isa = PBXBuildFile; fileRef = 0206D22029630119006D3084 /* CoreDataURLTests.swift */; };
		0206D22B29630119006D3084 /* CoreDataURLUITests.swift in Sources */ = {isa = PBXBuildFile; fileRef = 0206D22A29630119006D3084 /* CoreDataURLUITests.swift */; };
		0206D22D29630119006D3084 /* CoreDataURLUITestsLaunchTests.swift in Sources */ = {isa = PBXBuildFile; fileRef = 0206D22C29630119006D3084 /* CoreDataURLUITestsLaunchTests.swift */; };
		0206D23E296301CA006D3084 /* DataModel.xcdatamodeld in Sources */ = {isa = PBXBuildFile; fileRef = 0206D23C296301CA006D3084 /* DataModel.xcdatamodeld */; };
		0206D2402963023E006D3084 /* Response.swift in Sources */ = {isa = PBXBuildFile; fileRef = 0206D23F2963023E006D3084 /* Response.swift */; };
		0206D24229630270006D3084 /* DataController.swift in Sources */ = {isa = PBXBuildFile; fileRef = 0206D24129630270006D3084 /* DataController.swift */; };
/* End PBXBuildFile section */

/* Begin PBXContainerItemProxy section */
		0206D21D29630119006D3084 /* PBXContainerItemProxy */ = {
			isa = PBXContainerItemProxy;
			containerPortal = 0206D20429630117006D3084 /* Project object */;
			proxyType = 1;
			remoteGlobalIDString = 0206D20B29630117006D3084;
			remoteInfo = CoreDataURL;
		};
		0206D22729630119006D3084 /* PBXContainerItemProxy */ = {
			isa = PBXContainerItemProxy;
			containerPortal = 0206D20429630117006D3084 /* Project object */;
			proxyType = 1;
			remoteGlobalIDString = 0206D20B29630117006D3084;
			remoteInfo = CoreDataURL;
		};
/* End PBXContainerItemProxy section */

/* Begin PBXFileReference section */
		0206D20C29630117006D3084 /* CoreDataURL.app */ = {isa = PBXFileReference; explicitFileType = wrapper.application; includeInIndex = 0; path = CoreDataURL.app; sourceTree = BUILT_PRODUCTS_DIR; };
		0206D20F29630117006D3084 /* CoreDataURLApp.swift */ = {isa = PBXFileReference; lastKnownFileType = sourcecode.swift; path = CoreDataURLApp.swift; sourceTree = "<group>"; };
		0206D21129630117006D3084 /* ContentView.swift */ = {isa = PBXFileReference; lastKnownFileType = sourcecode.swift; path = ContentView.swift; sourceTree = "<group>"; };
		0206D21329630119006D3084 /* Assets.xcassets */ = {isa = PBXFileReference; lastKnownFileType = folder.assetcatalog; path = Assets.xcassets; sourceTree = "<group>"; };
		0206D21629630119006D3084 /* Preview Assets.xcassets */ = {isa = PBXFileReference; lastKnownFileType = folder.assetcatalog; path = "Preview Assets.xcassets"; sourceTree = "<group>"; };
		0206D21C29630119006D3084 /* CoreDataURLTests.xctest */ = {isa = PBXFileReference; explicitFileType = wrapper.cfbundle; includeInIndex = 0; path = CoreDataURLTests.xctest; sourceTree = BUILT_PRODUCTS_DIR; };
		0206D22029630119006D3084 /* CoreDataURLTests.swift */ = {isa = PBXFileReference; lastKnownFileType = sourcecode.swift; path = CoreDataURLTests.swift; sourceTree = "<group>"; };
		0206D22629630119006D3084 /* CoreDataURLUITests.xctest */ = {isa = PBXFileReference; explicitFileType = wrapper.cfbundle; includeInIndex = 0; path = CoreDataURLUITests.xctest; sourceTree = BUILT_PRODUCTS_DIR; };
		0206D22A29630119006D3084 /* CoreDataURLUITests.swift */ = {isa = PBXFileReference; lastKnownFileType = sourcecode.swift; path = CoreDataURLUITests.swift; sourceTree = "<group>"; };
		0206D22C29630119006D3084 /* CoreDataURLUITestsLaunchTests.swift */ = {isa = PBXFileReference; lastKnownFileType = sourcecode.swift; path = CoreDataURLUITestsLaunchTests.swift; sourceTree = "<group>"; };
		0206D23D296301CA006D3084 /* DataModel.xcdatamodel */ = {isa = PBXFileReference; lastKnownFileType = wrapper.xcdatamodel; path = DataModel.xcdatamodel; sourceTree = "<group>"; };
		0206D23F2963023E006D3084 /* Response.swift */ = {isa = PBXFileReference; lastKnownFileType = sourcecode.swift; path = Response.swift; sourceTree = "<group>"; };
		0206D24129630270006D3084 /* DataController.swift */ = {isa = PBXFileReference; lastKnownFileType = sourcecode.swift; path = DataController.swift; sourceTree = "<group>"; };
/* End PBXFileReference section */

/* Begin PBXFrameworksBuildPhase section */
		0206D20929630117006D3084 /* Frameworks */ = {
			isa = PBXFrameworksBuildPhase;
			buildActionMask = 2147483647;
			files = (
			);
			runOnlyForDeploymentPostprocessing = 0;
		};
		0206D21929630119006D3084 /* Frameworks */ = {
			isa = PBXFrameworksBuildPhase;
			buildActionMask = 2147483647;
			files = (
			);
			runOnlyForDeploymentPostprocessing = 0;
		};
		0206D22329630119006D3084 /* Frameworks */ = {
			isa = PBXFrameworksBuildPhase;
			buildActionMask = 2147483647;
			files = (
			);
			runOnlyForDeploymentPostprocessing = 0;
		};
/* End PBXFrameworksBuildPhase section */

/* Begin PBXGroup section */
		0206D20329630117006D3084 = {
			isa = PBXGroup;
			children = (
				0206D20E29630117006D3084 /* CoreDataURL */,
				0206D21F29630119006D3084 /* CoreDataURLTests */,
				0206D22929630119006D3084 /* CoreDataURLUITests */,
				0206D20D29630117006D3084 /* Products */,
			);
			sourceTree = "<group>";
		};
		0206D20D29630117006D3084 /* Products */ = {
			isa = PBXGroup;
			children = (
				0206D20C29630117006D3084 /* CoreDataURL.app */,
				0206D21C29630119006D3084 /* CoreDataURLTests.xctest */,
				0206D22629630119006D3084 /* CoreDataURLUITests.xctest */,
			);
			name = Products;
			sourceTree = "<group>";
		};
		0206D20E29630117006D3084 /* CoreDataURL */ = {
			isa = PBXGroup;
			children = (
				0206D23B29630193006D3084 /* ViewModels */,
				0206D23A2963018A006D3084 /* Models */,
				0206D2392963017F006D3084 /* Views */,
				0206D20F29630117006D3084 /* CoreDataURLApp.swift */,
				0206D21129630117006D3084 /* ContentView.swift */,
				0206D21329630119006D3084 /* Assets.xcassets */,
				0206D21529630119006D3084 /* Preview Content */,
			);
			path = CoreDataURL;
			sourceTree = "<group>";
		};
		0206D21529630119006D3084 /* Preview Content */ = {
			isa = PBXGroup;
			children = (
				0206D21629630119006D3084 /* Preview Assets.xcassets */,
			);
			path = "Preview Content";
			sourceTree = "<group>";
		};
		0206D21F29630119006D3084 /* CoreDataURLTests */ = {
			isa = PBXGroup;
			children = (
				0206D22029630119006D3084 /* CoreDataURLTests.swift */,
			);
			path = CoreDataURLTests;
			sourceTree = "<group>";
		};
		0206D22929630119006D3084 /* CoreDataURLUITests */ = {
			isa = PBXGroup;
			children = (
				0206D22A29630119006D3084 /* CoreDataURLUITests.swift */,
				0206D22C29630119006D3084 /* CoreDataURLUITestsLaunchTests.swift */,
			);
			path = CoreDataURLUITests;
			sourceTree = "<group>";
		};
		0206D2392963017F006D3084 /* Views */ = {
			isa = PBXGroup;
			children = (
			);
			path = Views;
			sourceTree = "<group>";
		};
		0206D23A2963018A006D3084 /* Models */ = {
			isa = PBXGroup;
			children = (
				0206D23C296301CA006D3084 /* DataModel.xcdatamodeld */,
				0206D23F2963023E006D3084 /* Response.swift */,
			);
			path = Models;
			sourceTree = "<group>";
		};
		0206D23B29630193006D3084 /* ViewModels */ = {
			isa = PBXGroup;
			children = (
				0206D24129630270006D3084 /* DataController.swift */,
			);
			path = ViewModels;
			sourceTree = "<group>";
		};
/* End PBXGroup section */

/* Begin PBXNativeTarget section */
		0206D20B29630117006D3084 /* CoreDataURL */ = {
			isa = PBXNativeTarget;
			buildConfigurationList = 0206D23029630119006D3084 /* Build configuration list for PBXNativeTarget "CoreDataURL" */;
			buildPhases = (
				0206D20829630117006D3084 /* Sources */,
				0206D20929630117006D3084 /* Frameworks */,
				0206D20A29630117006D3084 /* Resources */,
			);
			buildRules = (
			);
			dependencies = (
			);
			name = CoreDataURL;
			productName = CoreDataURL;
			productReference = 0206D20C29630117006D3084 /* CoreDataURL.app */;
			productType = "com.apple.product-type.application";
		};
		0206D21B29630119006D3084 /* CoreDataURLTests */ = {
			isa = PBXNativeTarget;
			buildConfigurationList = 0206D23329630119006D3084 /* Build configuration list for PBXNativeTarget "CoreDataURLTests" */;
			buildPhases = (
				0206D21829630119006D3084 /* Sources */,
				0206D21929630119006D3084 /* Frameworks */,
				0206D21A29630119006D3084 /* Resources */,
			);
			buildRules = (
			);
			dependencies = (
				0206D21E29630119006D3084 /* PBXTargetDependency */,
			);
			name = CoreDataURLTests;
			productName = CoreDataURLTests;
			productReference = 0206D21C29630119006D3084 /* CoreDataURLTests.xctest */;
			productType = "com.apple.product-type.bundle.unit-test";
		};
		0206D22529630119006D3084 /* CoreDataURLUITests */ = {
			isa = PBXNativeTarget;
			buildConfigurationList = 0206D23629630119006D3084 /* Build configuration list for PBXNativeTarget "CoreDataURLUITests" */;
			buildPhases = (
				0206D22229630119006D3084 /* Sources */,
				0206D22329630119006D3084 /* Frameworks */,
				0206D22429630119006D3084 /* Resources */,
			);
			buildRules = (
			);
			dependencies = (
				0206D22829630119006D3084 /* PBXTargetDependency */,
			);
			name = CoreDataURLUITests;
			productName = CoreDataURLUITests;
			productReference = 0206D22629630119006D3084 /* CoreDataURLUITests.xctest */;
			productType = "com.apple.product-type.bundle.ui-testing";
		};
/* End PBXNativeTarget section */

/* Begin PBXProject section */
		0206D20429630117006D3084 /* Project object */ = {
			isa = PBXProject;
			attributes = {
				BuildIndependentTargetsInParallel = 1;
				LastSwiftUpdateCheck = 1420;
				LastUpgradeCheck = 1420;
				TargetAttributes = {
					0206D20B29630117006D3084 = {
						CreatedOnToolsVersion = 14.2;
					};
					0206D21B29630119006D3084 = {
						CreatedOnToolsVersion = 14.2;
						TestTargetID = 0206D20B29630117006D3084;
					};
					0206D22529630119006D3084 = {
						CreatedOnToolsVersion = 14.2;
						TestTargetID = 0206D20B29630117006D3084;
					};
				};
			};
			buildConfigurationList = 0206D20729630117006D3084 /* Build configuration list for PBXProject "CoreDataURL" */;
			compatibilityVersion = "Xcode 14.0";
			developmentRegion = en;
			hasScannedForEncodings = 0;
			knownRegions = (
				en,
				Base,
			);
			mainGroup = 0206D20329630117006D3084;
			productRefGroup = 0206D20D29630117006D3084 /* Products */;
			projectDirPath = "";
			projectRoot = "";
			targets = (
				0206D20B29630117006D3084 /* CoreDataURL */,
				0206D21B29630119006D3084 /* CoreDataURLTests */,
				0206D22529630119006D3084 /* CoreDataURLUITests */,
			);
		};
/* End PBXProject section */

/* Begin PBXResourcesBuildPhase section */
		0206D20A29630117006D3084 /* Resources */ = {
			isa = PBXResourcesBuildPhase;
			buildActionMask = 2147483647;
			files = (
				0206D21729630119006D3084 /* Preview Assets.xcassets in Resources */,
				0206D21429630119006D3084 /* Assets.xcassets in Resources */,
			);
			runOnlyForDeploymentPostprocessing = 0;
		};
		0206D21A29630119006D3084 /* Resources */ = {
			isa = PBXResourcesBuildPhase;
			buildActionMask = 2147483647;
			files = (
			);
			runOnlyForDeploymentPostprocessing = 0;
		};
		0206D22429630119006D3084 /* Resources */ = {
			isa = PBXResourcesBuildPhase;
			buildActionMask = 2147483647;
			files = (
			);
			runOnlyForDeploymentPostprocessing = 0;
		};
/* End PBXResourcesBuildPhase section */

/* Begin PBXSourcesBuildPhase section */
		0206D20829630117006D3084 /* Sources */ = {
			isa = PBXSourcesBuildPhase;
			buildActionMask = 2147483647;
			files = (
				0206D24229630270006D3084 /* DataController.swift in Sources */,
				0206D2402963023E006D3084 /* Response.swift in Sources */,
				0206D23E296301CA006D3084 /* DataModel.xcdatamodeld in Sources */,
				0206D21229630117006D3084 /* ContentView.swift in Sources */,
				0206D21029630117006D3084 /* CoreDataURLApp.swift in Sources */,
			);
			runOnlyForDeploymentPostprocessing = 0;
		};
		0206D21829630119006D3084 /* Sources */ = {
			isa = PBXSourcesBuildPhase;
			buildActionMask = 2147483647;
			files = (
				0206D22129630119006D3084 /* CoreDataURLTests.swift in Sources */,
			);
			runOnlyForDeploymentPostprocessing = 0;
		};
		0206D22229630119006D3084 /* Sources */ = {
			isa = PBXSourcesBuildPhase;
			buildActionMask = 2147483647;
			files = (
				0206D22B29630119006D3084 /* CoreDataURLUITests.swift in Sources */,
				0206D22D29630119006D3084 /* CoreDataURLUITestsLaunchTests.swift in Sources */,
			);
			runOnlyForDeploymentPostprocessing = 0;
		};
/* End PBXSourcesBuildPhase section */

/* Begin PBXTargetDependency section */
		0206D21E29630119006D3084 /* PBXTargetDependency */ = {
			isa = PBXTargetDependency;
			target = 0206D20B29630117006D3084 /* CoreDataURL */;
			targetProxy = 0206D21D29630119006D3084 /* PBXContainerItemProxy */;
		};
		0206D22829630119006D3084 /* PBXTargetDependency */ = {
			isa = PBXTargetDependency;
			target = 0206D20B29630117006D3084 /* CoreDataURL */;
			targetProxy = 0206D22729630119006D3084 /* PBXContainerItemProxy */;
		};
/* End PBXTargetDependency section */

/* Begin XCBuildConfiguration section */
		0206D22E29630119006D3084 /* Debug */ = {
			isa = XCBuildConfiguration;
			buildSettings = {
				ALWAYS_SEARCH_USER_PATHS = NO;
				CLANG_ANALYZER_NONNULL = YES;
				CLANG_ANALYZER_NUMBER_OBJECT_CONVERSION = YES_AGGRESSIVE;
				CLANG_CXX_LANGUAGE_STANDARD = "gnu++20";
				CLANG_ENABLE_MODULES = YES;
				CLANG_ENABLE_OBJC_ARC = YES;
				CLANG_ENABLE_OBJC_WEAK = YES;
				CLANG_WARN_BLOCK_CAPTURE_AUTORELEASING = YES;
				CLANG_WARN_BOOL_CONVERSION = YES;
				CLANG_WARN_COMMA = YES;
				CLANG_WARN_CONSTANT_CONVERSION = YES;
				CLANG_WARN_DEPRECATED_OBJC_IMPLEMENTATIONS = YES;
				CLANG_WARN_DIRECT_OBJC_ISA_USAGE = YES_ERROR;
				CLANG_WARN_DOCUMENTATION_COMMENTS = YES;
				CLANG_WARN_EMPTY_BODY = YES;
				CLANG_WARN_ENUM_CONVERSION = YES;
				CLANG_WARN_INFINITE_RECURSION = YES;
				CLANG_WARN_INT_CONVERSION = YES;
				CLANG_WARN_NON_LITERAL_NULL_CONVERSION = YES;
				CLANG_WARN_OBJC_IMPLICIT_RETAIN_SELF = YES;
				CLANG_WARN_OBJC_LITERAL_CONVERSION = YES;
				CLANG_WARN_OBJC_ROOT_CLASS = YES_ERROR;
				CLANG_WARN_QUOTED_INCLUDE_IN_FRAMEWORK_HEADER = YES;
				CLANG_WARN_RANGE_LOOP_ANALYSIS = YES;
				CLANG_WARN_STRICT_PROTOTYPES = YES;
				CLANG_WARN_SUSPICIOUS_MOVE = YES;
				CLANG_WARN_UNGUARDED_AVAILABILITY = YES_AGGRESSIVE;
				CLANG_WARN_UNREACHABLE_CODE = YES;
				CLANG_WARN__DUPLICATE_METHOD_MATCH = YES;
				COPY_PHASE_STRIP = NO;
				DEBUG_INFORMATION_FORMAT = dwarf;
				ENABLE_STRICT_OBJC_MSGSEND = YES;
				ENABLE_TESTABILITY = YES;
				GCC_C_LANGUAGE_STANDARD = gnu11;
				GCC_DYNAMIC_NO_PIC = NO;
				GCC_NO_COMMON_BLOCKS = YES;
				GCC_OPTIMIZATION_LEVEL = 0;
				GCC_PREPROCESSOR_DEFINITIONS = (
					"DEBUG=1",
					"$(inherited)",
				);
				GCC_WARN_64_TO_32_BIT_CONVERSION = YES;
				GCC_WARN_ABOUT_RETURN_TYPE = YES_ERROR;
				GCC_WARN_UNDECLARED_SELECTOR = YES;
				GCC_WARN_UNINITIALIZED_AUTOS = YES_AGGRESSIVE;
				GCC_WARN_UNUSED_FUNCTION = YES;
				GCC_WARN_UNUSED_VARIABLE = YES;
				IPHONEOS_DEPLOYMENT_TARGET = 16.2;
				MTL_ENABLE_DEBUG_INFO = INCLUDE_SOURCE;
				MTL_FAST_MATH = YES;
				ONLY_ACTIVE_ARCH = YES;
				SDKROOT = iphoneos;
				SWIFT_ACTIVE_COMPILATION_CONDITIONS = DEBUG;
				SWIFT_OPTIMIZATION_LEVEL = "-Onone";
			};
			name = Debug;
		};
		0206D22F29630119006D3084 /* Release */ = {
			isa = XCBuildConfiguration;
			buildSettings = {
				ALWAYS_SEARCH_USER_PATHS = NO;
				CLANG_ANALYZER_NONNULL = YES;
				CLANG_ANALYZER_NUMBER_OBJECT_CONVERSION = YES_AGGRESSIVE;
				CLANG_CXX_LANGUAGE_STANDARD = "gnu++20";
				CLANG_ENABLE_MODULES = YES;
				CLANG_ENABLE_OBJC_ARC = YES;
				CLANG_ENABLE_OBJC_WEAK = YES;
				CLANG_WARN_BLOCK_CAPTURE_AUTORELEASING = YES;
				CLANG_WARN_BOOL_CONVERSION = YES;
				CLANG_WARN_COMMA = YES;
				CLANG_WARN_CONSTANT_CONVERSION = YES;
				CLANG_WARN_DEPRECATED_OBJC_IMPLEMENTATIONS = YES;
				CLANG_WARN_DIRECT_OBJC_ISA_USAGE = YES_ERROR;
				CLANG_WARN_DOCUMENTATION_COMMENTS = YES;
				CLANG_WARN_EMPTY_BODY = YES;
				CLANG_WARN_ENUM_CONVERSION = YES;
				CLANG_WARN_INFINITE_RECURSION = YES;
				CLANG_WARN_INT_CONVERSION = YES;
				CLANG_WARN_NON_LITERAL_NULL_CONVERSION = YES;
				CLANG_WARN_OBJC_IMPLICIT_RETAIN_SELF = YES;
				CLANG_WARN_OBJC_LITERAL_CONVERSION = YES;
				CLANG_WARN_OBJC_ROOT_CLASS = YES_ERROR;
				CLANG_WARN_QUOTED_INCLUDE_IN_FRAMEWORK_HEADER = YES;
				CLANG_WARN_RANGE_LOOP_ANALYSIS = YES;
				CLANG_WARN_STRICT_PROTOTYPES = YES;
				CLANG_WARN_SUSPICIOUS_MOVE = YES;
				CLANG_WARN_UNGUARDED_AVAILABILITY = YES_AGGRESSIVE;
				CLANG_WARN_UNREACHABLE_CODE = YES;
				CLANG_WARN__DUPLICATE_METHOD_MATCH = YES;
				COPY_PHASE_STRIP = NO;
				DEBUG_INFORMATION_FORMAT = "dwarf-with-dsym";
				ENABLE_NS_ASSERTIONS = NO;
				ENABLE_STRICT_OBJC_MSGSEND = YES;
				GCC_C_LANGUAGE_STANDARD = gnu11;
				GCC_NO_COMMON_BLOCKS = YES;
				GCC_WARN_64_TO_32_BIT_CONVERSION = YES;
				GCC_WARN_ABOUT_RETURN_TYPE = YES_ERROR;
				GCC_WARN_UNDECLARED_SELECTOR = YES;
				GCC_WARN_UNINITIALIZED_AUTOS = YES_AGGRESSIVE;
				GCC_WARN_UNUSED_FUNCTION = YES;
				GCC_WARN_UNUSED_VARIABLE = YES;
				IPHONEOS_DEPLOYMENT_TARGET = 16.2;
				MTL_ENABLE_DEBUG_INFO = NO;
				MTL_FAST_MATH = YES;
				SDKROOT = iphoneos;
				SWIFT_COMPILATION_MODE = wholemodule;
				SWIFT_OPTIMIZATION_LEVEL = "-O";
				VALIDATE_PRODUCT = YES;
			};
			name = Release;
		};
		0206D23129630119006D3084 /* Debug */ = {
			isa = XCBuildConfiguration;
			buildSettings = {
				ASSETCATALOG_COMPILER_APPICON_NAME = AppIcon;
				ASSETCATALOG_COMPILER_GLOBAL_ACCENT_COLOR_NAME = AccentColor;
				CODE_SIGN_STYLE = Automatic;
				CURRENT_PROJECT_VERSION = 1;
				DEVELOPMENT_ASSET_PATHS = "\"CoreDataURL/Preview Content\"";
				ENABLE_PREVIEWS = YES;
				GENERATE_INFOPLIST_FILE = YES;
				INFOPLIST_KEY_UIApplicationSceneManifest_Generation = YES;
				INFOPLIST_KEY_UIApplicationSupportsIndirectInputEvents = YES;
				INFOPLIST_KEY_UILaunchScreen_Generation = YES;
				INFOPLIST_KEY_UISupportedInterfaceOrientations_iPad = "UIInterfaceOrientationPortrait UIInterfaceOrientationPortraitUpsideDown UIInterfaceOrientationLandscapeLeft UIInterfaceOrientationLandscapeRight";
				INFOPLIST_KEY_UISupportedInterfaceOrientations_iPhone = "UIInterfaceOrientationPortrait UIInterfaceOrientationLandscapeLeft UIInterfaceOrientationLandscapeRight";
				LD_RUNPATH_SEARCH_PATHS = (
					"$(inherited)",
					"@executable_path/Frameworks",
				);
				MARKETING_VERSION = 1.0;
				PRODUCT_BUNDLE_IDENTIFIER = com.enhanceIT.CoreDataURL;
				PRODUCT_NAME = "$(TARGET_NAME)";
				SWIFT_EMIT_LOC_STRINGS = YES;
				SWIFT_VERSION = 5.0;
				TARGETED_DEVICE_FAMILY = "1,2";
			};
			name = Debug;
		};
		0206D23229630119006D3084 /* Release */ = {
			isa = XCBuildConfiguration;
			buildSettings = {
				ASSETCATALOG_COMPILER_APPICON_NAME = AppIcon;
				ASSETCATALOG_COMPILER_GLOBAL_ACCENT_COLOR_NAME = AccentColor;
				CODE_SIGN_STYLE = Automatic;
				CURRENT_PROJECT_VERSION = 1;
				DEVELOPMENT_ASSET_PATHS = "\"CoreDataURL/Preview Content\"";
				ENABLE_PREVIEWS = YES;
				GENERATE_INFOPLIST_FILE = YES;
				INFOPLIST_KEY_UIApplicationSceneManifest_Generation = YES;
				INFOPLIST_KEY_UIApplicationSupportsIndirectInputEvents = YES;
				INFOPLIST_KEY_UILaunchScreen_Generation = YES;
				INFOPLIST_KEY_UISupportedInterfaceOrientations_iPad = "UIInterfaceOrientationPortrait UIInterfaceOrientationPortraitUpsideDown UIInterfaceOrientationLandscapeLeft UIInterfaceOrientationLandscapeRight";
				INFOPLIST_KEY_UISupportedInterfaceOrientations_iPhone = "UIInterfaceOrientationPortrait UIInterfaceOrientationLandscapeLeft UIInterfaceOrientationLandscapeRight";
				LD_RUNPATH_SEARCH_PATHS = (
					"$(inherited)",
					"@executable_path/Frameworks",
				);
				MARKETING_VERSION = 1.0;
				PRODUCT_BUNDLE_IDENTIFIER = com.enhanceIT.CoreDataURL;
				PRODUCT_NAME = "$(TARGET_NAME)";
				SWIFT_EMIT_LOC_STRINGS = YES;
				SWIFT_VERSION = 5.0;
				TARGETED_DEVICE_FAMILY = "1,2";
			};
			name = Release;
		};
		0206D23429630119006D3084 /* Debug */ = {
			isa = XCBuildConfiguration;
			buildSettings = {
				ALWAYS_EMBED_SWIFT_STANDARD_LIBRARIES = YES;
				BUNDLE_LOADER = "$(TEST_HOST)";
				CODE_SIGN_STYLE = Automatic;
				CURRENT_PROJECT_VERSION = 1;
				GENERATE_INFOPLIST_FILE = YES;
				IPHONEOS_DEPLOYMENT_TARGET = 16.2;
				MARKETING_VERSION = 1.0;
				PRODUCT_BUNDLE_IDENTIFIER = com.enhanceIT.CoreDataURLTests;
				PRODUCT_NAME = "$(TARGET_NAME)";
				SWIFT_EMIT_LOC_STRINGS = NO;
				SWIFT_VERSION = 5.0;
				TARGETED_DEVICE_FAMILY = "1,2";
				TEST_HOST = "$(BUILT_PRODUCTS_DIR)/CoreDataURL.app/$(BUNDLE_EXECUTABLE_FOLDER_PATH)/CoreDataURL";
			};
			name = Debug;
		};
		0206D23529630119006D3084 /* Release */ = {
			isa = XCBuildConfiguration;
			buildSettings = {
				ALWAYS_EMBED_SWIFT_STANDARD_LIBRARIES = YES;
				BUNDLE_LOADER = "$(TEST_HOST)";
				CODE_SIGN_STYLE = Automatic;
				CURRENT_PROJECT_VERSION = 1;
				GENERATE_INFOPLIST_FILE = YES;
				IPHONEOS_DEPLOYMENT_TARGET = 16.2;
				MARKETING_VERSION = 1.0;
				PRODUCT_BUNDLE_IDENTIFIER = com.enhanceIT.CoreDataURLTests;
				PRODUCT_NAME = "$(TARGET_NAME)";
				SWIFT_EMIT_LOC_STRINGS = NO;
				SWIFT_VERSION = 5.0;
				TARGETED_DEVICE_FAMILY = "1,2";
				TEST_HOST = "$(BUILT_PRODUCTS_DIR)/CoreDataURL.app/$(BUNDLE_EXECUTABLE_FOLDER_PATH)/CoreDataURL";
			};
			name = Release;
		};
		0206D23729630119006D3084 /* Debug */ = {
			isa = XCBuildConfiguration;
			buildSettings = {
				ALWAYS_EMBED_SWIFT_STANDARD_LIBRARIES = YES;
				CODE_SIGN_STYLE = Automatic;
				CURRENT_PROJECT_VERSION = 1;
				GENERATE_INFOPLIST_FILE = YES;
				MARKETING_VERSION = 1.0;
				PRODUCT_BUNDLE_IDENTIFIER = com.enhanceIT.CoreDataURLUITests;
				PRODUCT_NAME = "$(TARGET_NAME)";
				SWIFT_EMIT_LOC_STRINGS = NO;
				SWIFT_VERSION = 5.0;
				TARGETED_DEVICE_FAMILY = "1,2";
				TEST_TARGET_NAME = CoreDataURL;
			};
			name = Debug;
		};
		0206D23829630119006D3084 /* Release */ = {
			isa = XCBuildConfiguration;
			buildSettings = {
				ALWAYS_EMBED_SWIFT_STANDARD_LIBRARIES = YES;
				CODE_SIGN_STYLE = Automatic;
				CURRENT_PROJECT_VERSION = 1;
				GENERATE_INFOPLIST_FILE = YES;
				MARKETING_VERSION = 1.0;
				PRODUCT_BUNDLE_IDENTIFIER = com.enhanceIT.CoreDataURLUITests;
				PRODUCT_NAME = "$(TARGET_NAME)";
				SWIFT_EMIT_LOC_STRINGS = NO;
				SWIFT_VERSION = 5.0;
				TARGETED_DEVICE_FAMILY = "1,2";
				TEST_TARGET_NAME = CoreDataURL;
			};
			name = Release;
		};
/* End XCBuildConfiguration section */

/* Begin XCConfigurationList section */
		0206D20729630117006D3084 /* Build configuration list for PBXProject "CoreDataURL" */ = {
			isa = XCConfigurationList;
			buildConfigurations = (
				0206D22E29630119006D3084 /* Debug */,
				0206D22F29630119006D3084 /* Release */,
			);
			defaultConfigurationIsVisible = 0;
			defaultConfigurationName = Release;
		};
		0206D23029630119006D3084 /* Build configuration list for PBXNativeTarget "CoreDataURL" */ = {
			isa = XCConfigurationList;
			buildConfigurations = (
				0206D23129630119006D3084 /* Debug */,
				0206D23229630119006D3084 /* Release */,
			);
			defaultConfigurationIsVisible = 0;
			defaultConfigurationName = Release;
		};
		0206D23329630119006D3084 /* Build configuration list for PBXNativeTarget "CoreDataURLTests" */ = {
			isa = XCConfigurationList;
			buildConfigurations = (
				0206D23429630119006D3084 /* Debug */,
				0206D23529630119006D3084 /* Release */,
			);
			defaultConfigurationIsVisible = 0;
			defaultConfigurationName = Release;
		};
		0206D23629630119006D3084 /* Build configuration list for PBXNativeTarget "CoreDataURLUITests" */ = {
			isa = XCConfigurationList;
			buildConfigurations = (
				0206D23729630119006D3084 /* Debug */,
				0206D23829630119006D3084 /* Release */,
			);
			defaultConfigurationIsVisible = 0;
			defaultConfigurationName = Release;
		};
/* End XCConfigurationList section */

/* Begin XCVersionGroup section */
		0206D23C296301CA006D3084 /* DataModel.xcdatamodeld */ = {
			isa = XCVersionGroup;
			children = (
				0206D23D296301CA006D3084 /* DataModel.xcdatamodel */,
			);
			currentVersion = 0206D23D296301CA006D3084 /* DataModel.xcdatamodel */;
			path = DataModel.xcdatamodeld;
			sourceTree = "<group>";
			versionGroupType = wrapper.xcdatamodel;
		};
/* End XCVersionGroup section */
	};
	rootObject = 0206D20429630117006D3084 /* Project object */;
}
